// !$*UTF8*$!
{
	archiveVersion = 1;
	classes = {
	};
	objectVersion = 48;
	objects = {

/* Begin PBXBuildFile section */
		24920EB01FD0FBA3002C1041 /* AppDelegate.swift in Sources */ = {isa = PBXBuildFile; fileRef = 24920EAF1FD0FBA3002C1041 /* AppDelegate.swift */; };
		24920EB21FD0FBA3002C1041 /* ViewController.swift in Sources */ = {isa = PBXBuildFile; fileRef = 24920EB11FD0FBA3002C1041 /* ViewController.swift */; };
		24920EB51FD0FBA3002C1041 /* Main.storyboard in Resources */ = {isa = PBXBuildFile; fileRef = 24920EB31FD0FBA3002C1041 /* Main.storyboard */; };
		24920EB71FD0FBA3002C1041 /* Assets.xcassets in Resources */ = {isa = PBXBuildFile; fileRef = 24920EB61FD0FBA3002C1041 /* Assets.xcassets */; };
		24920EBA1FD0FBA3002C1041 /* LaunchScreen.storyboard in Resources */ = {isa = PBXBuildFile; fileRef = 24920EB81FD0FBA3002C1041 /* LaunchScreen.storyboard */; };
/* End PBXBuildFile section */

/* Begin PBXFileReference section */
		24920EAC1FD0FBA2002C1041 /* Forum.app */ = {isa = PBXFileReference; explicitFileType = wrapper.application; includeInIndex = 0; path = Forum.app; sourceTree = BUILT_PRODUCTS_DIR; };
		24920EAF1FD0FBA3002C1041 /* AppDelegate.swift */ = {isa = PBXFileReference; lastKnownFileType = sourcecode.swift; path = AppDelegate.swift; sourceTree = "<group>"; };
		24920EB11FD0FBA3002C1041 /* ViewController.swift */ = {isa = PBXFileReference; lastKnownFileType = sourcecode.swift; path = ViewController.swift; sourceTree = "<group>"; };
		24920EB41FD0FBA3002C1041 /* Base */ = {isa = PBXFileReference; lastKnownFileType = file.storyboard; name = Base; path = Base.lproj/Main.storyboard; sourceTree = "<group>"; };
		24920EB61FD0FBA3002C1041 /* Assets.xcassets */ = {isa = PBXFileReference; lastKnownFileType = folder.assetcatalog; path = Assets.xcassets; sourceTree = "<group>"; };
		24920EB91FD0FBA3002C1041 /* Base */ = {isa = PBXFileReference; lastKnownFileType = file.storyboard; name = Base; path = Base.lproj/LaunchScreen.storyboard; sourceTree = "<group>"; };
		24920EBB1FD0FBA3002C1041 /* Info.plist */ = {isa = PBXFileReference; lastKnownFileType = text.plist.xml; path = Info.plist; sourceTree = "<group>"; };
/* End PBXFileReference section */

/* Begin PBXFrameworksBuildPhase section */
		24920EA91FD0FBA2002C1041 /* Frameworks */ = {
			isa = PBXFrameworksBuildPhase;
			buildActionMask = 2147483647;
			files = (
			);
			runOnlyForDeploymentPostprocessing = 0;
		};
/* End PBXFrameworksBuildPhase section */

/* Begin PBXGroup section */
		24920EA31FD0FBA2002C1041 = {
			isa = PBXGroup;
			children = (
				24920EAE1FD0FBA3002C1041 /* Forum */,
				24920EAD1FD0FBA2002C1041 /* Products */,
			);
			sourceTree = "<group>";
		};
		24920EAD1FD0FBA2002C1041 /* Products */ = {
			isa = PBXGroup;
			children = (
				24920EAC1FD0FBA2002C1041 /* Forum.app */,
			);
			name = Products;
			sourceTree = "<group>";
		};
		24920EAE1FD0FBA3002C1041 /* Forum */ = {
			isa = PBXGroup;
			children = (
				24920EAF1FD0FBA3002C1041 /* AppDelegate.swift */,
				24920EB11FD0FBA3002C1041 /* ViewController.swift */,
				24920EB31FD0FBA3002C1041 /* Main.storyboard */,
				24920EB61FD0FBA3002C1041 /* Assets.xcassets */,
				24920EB81FD0FBA3002C1041 /* LaunchScreen.storyboard */,
				24920EBB1FD0FBA3002C1041 /* Info.plist */,
			);
			path = Forum;
			sourceTree = "<group>";
		};
/* End PBXGroup section */

/* Begin PBXNativeTarget section */
		24920EAB1FD0FBA2002C1041 /* Forum */ = {
			isa = PBXNativeTarget;
			buildConfigurationList = 24920EBE1FD0FBA3002C1041 /* Build configuration list for PBXNativeTarget "Forum" */;
			buildPhases = (
				24920EA81FD0FBA2002C1041 /* Sources */,
				24920EA91FD0FBA2002C1041 /* Frameworks */,
				24920EAA1FD0FBA2002C1041 /* Resources */,
			);
			buildRules = (
			);
			dependencies = (
			);
			name = Forum;
			productName = Forum;
			productReference = 24920EAC1FD0FBA2002C1041 /* Forum.app */;
			productType = "com.apple.product-type.application";
		};
/* End PBXNativeTarget section */

/* Begin PBXProject section */
		24920EA41FD0FBA2002C1041 /* Project object */ = {
			isa = PBXProject;
			attributes = {
				LastSwiftUpdateCheck = 0910;
				LastUpgradeCheck = 0910;
				ORGANIZATIONNAME = Grady;
				TargetAttributes = {
					24920EAB1FD0FBA2002C1041 = {
						CreatedOnToolsVersion = 9.1;
						ProvisioningStyle = Automatic;
					};
				};
			};
			buildConfigurationList = 24920EA71FD0FBA2002C1041 /* Build configuration list for PBXProject "Forum" */;
			compatibilityVersion = "Xcode 8.0";
			developmentRegion = en;
			hasScannedForEncodings = 0;
			knownRegions = (
				en,
				Base,
			);
			mainGroup = 24920EA31FD0FBA2002C1041;
			productRefGroup = 24920EAD1FD0FBA2002C1041 /* Products */;
			projectDirPath = "";
			projectRoot = "";
			targets = (
				24920EAB1FD0FBA2002C1041 /* Forum */,
			);
		};
/* End PBXProject section */

/* Begin PBXResourcesBuildPhase section */
		24920EAA1FD0FBA2002C1041 /* Resources */ = {
			isa = PBXResourcesBuildPhase;
			buildActionMask = 2147483647;
			files = (
				24920EBA1FD0FBA3002C1041 /* LaunchScreen.storyboard in Resources */,
				24920EB71FD0FBA3002C1041 /* Assets.xcassets in Resources */,
				24920EB51FD0FBA3002C1041 /* Main.storyboard in Resources */,
			);
			runOnlyForDeploymentPostprocessing = 0;
		};
/* End PBXResourcesBuildPhase section */

/* Begin PBXSourcesBuildPhase section */
		24920EA81FD0FBA2002C1041 /* Sources */ = {
			isa = PBXSourcesBuildPhase;
			buildActionMask = 2147483647;
			files = (
				24920EB21FD0FBA3002C1041 /* ViewController.swift in Sources */,
				24920EB01FD0FBA3002C1041 /* AppDelegate.swift in Sources */,
			);
			runOnlyForDeploymentPostprocessing = 0;
		};
/* End PBXSourcesBuildPhase section */

/* Begin PBXVariantGroup section */
		24920EB31FD0FBA3002C1041 /* Main.storyboard */ = {
			isa = PBXVariantGroup;
			children = (
				24920EB41FD0FBA3002C1041 /* Base */,
			);
			name = Main.storyboard;
			sourceTree = "<group>";
		};
		24920EB81FD0FBA3002C1041 /* LaunchScreen.storyboard */ = {
			isa = PBXVariantGroup;
			children = (
				24920EB91FD0FBA3002C1041 /* Base */,
			);
			name = LaunchScreen.storyboard;
			sourceTree = "<group>";
		};
/* End PBXVariantGroup section */

/* Begin XCBuildConfiguration section */
		24920EBC1FD0FBA3002C1041 /* Debug */ = {
			isa = XCBuildConfiguration;
			buildSettings = {
				ALWAYS_SEARCH_USER_PATHS = NO;
				CLANG_ANALYZER_NONNULL = YES;
				CLANG_ANALYZER_NUMBER_OBJECT_CONVERSION = YES_AGGRESSIVE;
				CLANG_CXX_LANGUAGE_STANDARD = "gnu++14";
				CLANG_CXX_LIBRARY = "libc++";
				CLANG_ENABLE_MODULES = YES;
				CLANG_ENABLE_OBJC_ARC = YES;
				CLANG_WARN_BLOCK_CAPTURE_AUTORELEASING = YES;
				CLANG_WARN_BOOL_CONVERSION = YES;
				CLANG_WARN_COMMA = YES;
				CLANG_WARN_CONSTANT_CONVERSION = YES;
				CLANG_WARN_DIRECT_OBJC_ISA_USAGE = YES_ERROR;
				CLANG_WARN_DOCUMENTATION_COMMENTS = YES;
				CLANG_WARN_EMPTY_BODY = YES;
				CLANG_WARN_ENUM_CONVERSION = YES;
				CLANG_WARN_INFINITE_RECURSION = YES;
				CLANG_WARN_INT_CONVERSION = YES;
				CLANG_WARN_NON_LITERAL_NULL_CONVERSION = YES;
				CLANG_WARN_OBJC_LITERAL_CONVERSION = YES;
				CLANG_WARN_OBJC_ROOT_CLASS = YES_ERROR;
				CLANG_WARN_RANGE_LOOP_ANALYSIS = YES;
				CLANG_WARN_STRICT_PROTOTYPES = YES;
				CLANG_WARN_SUSPICIOUS_MOVE = YES;
				CLANG_WARN_UNGUARDED_AVAILABILITY = YES_AGGRESSIVE;
				CLANG_WARN_UNREACHABLE_CODE = YES;
				CLANG_WARN__DUPLICATE_METHOD_MATCH = YES;
				CODE_SIGN_IDENTITY = "iPhone Developer";
				COPY_PHASE_STRIP = NO;
				DEBUG_INFORMATION_FORMAT = dwarf;
				ENABLE_STRICT_OBJC_MSGSEND = YES;
				ENABLE_TESTABILITY = YES;
				GCC_C_LANGUAGE_STANDARD = gnu11;
				GCC_DYNAMIC_NO_PIC = NO;
				GCC_NO_COMMON_BLOCKS = YES;
				GCC_OPTIMIZATION_LEVEL = 0;
				GCC_PREPROCESSOR_DEFINITIONS = (
					"DEBUG=1",
					"$(inherited)",
				);
				GCC_WARN_64_TO_32_BIT_CONVERSION = YES;
				GCC_WARN_ABOUT_RETURN_TYPE = YES_ERROR;
				GCC_WARN_UNDECLARED_SELECTOR = YES;
				GCC_WARN_UNINITIALIZED_AUTOS = YES_AGGRESSIVE;
				GCC_WARN_UNUSED_FUNCTION = YES;
				GCC_WARN_UNUSED_VARIABLE = YES;
				IPHONEOS_DEPLOYMENT_TARGET = 11.1;
				MTL_ENABLE_DEBUG_INFO = YES;
				ONLY_ACTIVE_ARCH = YES;
				SDKROOT = iphoneos;
				SWIFT_ACTIVE_COMPILATION_CONDITIONS = DEBUG;
				SWIFT_OPTIMIZATION_LEVEL = "-Onone";
			};
			name = Debug;
		};
		24920EBD1FD0FBA3002C1041 /* Release */ = {
			isa = XCBuildConfiguration;
			buildSettings = {
				ALWAYS_SEARCH_USER_PATHS = NO;
				CLANG_ANALYZER_NONNULL = YES;
				CLANG_ANALYZER_NUMBER_OBJECT_CONVERSION = YES_AGGRESSIVE;
				CLANG_CXX_LANGUAGE_STANDARD = "gnu++14";
				CLANG_CXX_LIBRARY = "libc++";
				CLANG_ENABLE_MODULES = YES;
				CLANG_ENABLE_OBJC_ARC = YES;
				CLANG_WARN_BLOCK_CAPTURE_AUTORELEASING = YES;
				CLANG_WARN_BOOL_CONVERSION = YES;
				CLANG_WARN_COMMA = YES;
				CLANG_WARN_CONSTANT_CONVERSION = YES;
				CLANG_WARN_DIRECT_OBJC_ISA_USAGE = YES_ERROR;
				CLANG_WARN_DOCUMENTATION_COMMENTS = YES;
				CLANG_WARN_EMPTY_BODY = YES;
				CLANG_WARN_ENUM_CONVERSION = YES;
				CLANG_WARN_INFINITE_RECURSION = YES;
				CLANG_WARN_INT_CONVERSION = YES;
				CLANG_WARN_NON_LITERAL_NULL_CONVERSION = YES;
				CLANG_WARN_OBJC_LITERAL_CONVERSION = YES;
				CLANG_WARN_OBJC_ROOT_CLASS = YES_ERROR;
				CLANG_WARN_RANGE_LOOP_ANALYSIS = YES;
				CLANG_WARN_STRICT_PROTOTYPES = YES;
				CLANG_WARN_SUSPICIOUS_MOVE = YES;
				CLANG_WARN_UNGUARDED_AVAILABILITY = YES_AGGRESSIVE;
				CLANG_WARN_UNREACHABLE_CODE = YES;
				CLANG_WARN__DUPLICATE_METHOD_MATCH = YES;
				CODE_SIGN_IDENTITY = "iPhone Developer";
				COPY_PHASE_STRIP = NO;
				DEBUG_INFORMATION_FORMAT = "dwarf-with-dsym";
				ENABLE_NS_ASSERTIONS = NO;
				ENABLE_STRICT_OBJC_MSGSEND = YES;
				GCC_C_LANGUAGE_STANDARD = gnu11;
				GCC_NO_COMMON_BLOCKS = YES;
				GCC_WARN_64_TO_32_BIT_CONVERSION = YES;
				GCC_WARN_ABOUT_RETURN_TYPE = YES_ERROR;
				GCC_WARN_UNDECLARED_SELECTOR = YES;
				GCC_WARN_UNINITIALIZED_AUTOS = YES_AGGRESSIVE;
				GCC_WARN_UNUSED_FUNCTION = YES;
				GCC_WARN_UNUSED_VARIABLE = YES;
				IPHONEOS_DEPLOYMENT_TARGET = 11.1;
				MTL_ENABLE_DEBUG_INFO = NO;
				SDKROOT = iphoneos;
				SWIFT_OPTIMIZATION_LEVEL = "-Owholemodule";
				VALIDATE_PRODUCT = YES;
			};
			name = Release;
		};
		24920EBF1FD0FBA3002C1041 /* Debug */ = {
			isa = XCBuildConfiguration;
			buildSettings = {
				ASSETCATALOG_COMPILER_APPICON_NAME = AppIcon;
				CODE_SIGN_STYLE = Automatic;
				DEVELOPMENT_TEAM = WWL68JT8LB;
				INFOPLIST_FILE = Forum/Info.plist;
				LD_RUNPATH_SEARCH_PATHS = "$(inherited) @executable_path/Frameworks";
				PRODUCT_BUNDLE_IDENTIFIER = co.gradyjenkins.Forum;
				PRODUCT_NAME = "$(TARGET_NAME)";
				SWIFT_VERSION = 4.0;
				TARGETED_DEVICE_FAMILY = "1,2";
			};
			name = Debug;
		};
		24920EC01FD0FBA3002C1041 /* Release */ = {
			isa = XCBuildConfiguration;
			buildSettings = {
				ASSETCATALOG_COMPILER_APPICON_NAME = AppIcon;
				CODE_SIGN_STYLE = Automatic;
				DEVELOPMENT_TEAM = WWL68JT8LB;
				INFOPLIST_FILE = Forum/Info.plist;
				LD_RUNPATH_SEARCH_PATHS = "$(inherited) @executable_path/Frameworks";
				PRODUCT_BUNDLE_IDENTIFIER = co.gradyjenkins.Forum;
				PRODUCT_NAME = "$(TARGET_NAME)";
				SWIFT_VERSION = 4.0;
				TARGETED_DEVICE_FAMILY = "1,2";
			};
			name = Release;
		};
/* End XCBuildConfiguration section */

/* Begin XCConfigurationList section */
		24920EA71FD0FBA2002C1041 /* Build configuration list for PBXProject "Forum" */ = {
			isa = XCConfigurationList;
			buildConfigurations = (
				24920EBC1FD0FBA3002C1041 /* Debug */,
				24920EBD1FD0FBA3002C1041 /* Release */,
			);
			defaultConfigurationIsVisible = 0;
			defaultConfigurationName = Release;
		};
		24920EBE1FD0FBA3002C1041 /* Build configuration list for PBXNativeTarget "Forum" */ = {
			isa = XCConfigurationList;
			buildConfigurations = (
				24920EBF1FD0FBA3002C1041 /* Debug */,
				24920EC01FD0FBA3002C1041 /* Release */,
			);
			defaultConfigurationIsVisible = 0;
			defaultConfigurationName = Release;
		};
/* End XCConfigurationList section */
	};
	rootObject = 24920EA41FD0FBA2002C1041 /* Project object */;
}
